
Microsoft Visual Studio Solution File, Format Version 12.00
# Visual Studio Version 17
VisualStudioVersion = 17.14.36623.8 d17.14
MinimumVisualStudioVersion = 10.0.40219.1
Project("{8BC9CEB8-8B4A-11D0-8D11-00A0C91BC942}") = "CalenderDll", "CalenderDll\CalenderDll.vcxproj", "{FBBF5339-664F-D705-A41D-AD2BC7D07166}"
EndProject
Global
	GlobalSection(SolutionConfigurationPlatforms) = preSolution
		Debug|x64 = Debug|x64
		Debug|x86 = Debug|x86
		Release|x64 = Release|x64
		Release|x86 = Release|x86
	EndGlobalSection
	GlobalSection(ProjectConfigurationPlatforms) = postSolution
		{FBBF5339-664F-D705-A41D-AD2BC7D07166}.Debug|x64.ActiveCfg = Debug|x64
		{FBBF5339-664F-D705-A41D-AD2BC7D07166}.Debug|x64.Build.0 = Debug|x64
		{FBBF5339-664F-D705-A41D-AD2BC7D07166}.Debug|x86.ActiveCfg = Debug|Win32
		{FBBF5339-664F-D705-A41D-AD2BC7D07166}.Debug|x86.Build.0 = Debug|Win32
		{FBBF5339-664F-D705-A41D-AD2BC7D07166}.Release|x64.ActiveCfg = Release|x64
		{FBBF5339-664F-D705-A41D-AD2BC7D07166}.Release|x64.Build.0 = Release|x64
		{FBBF5339-664F-D705-A41D-AD2BC7D07166}.Release|x86.ActiveCfg = Release|Win32
		{FBBF5339-664F-D705-A41D-AD2BC7D07166}.Release|x86.Build.0 = Release|Win32
	EndGlobalSection
	GlobalSection(SolutionProperties) = preSolution
		HideSolutionNode = FALSE
	EndGlobalSection
	GlobalSection(ExtensibilityGlobals) = postSolution
		SolutionGuid = {A316628D-A386-4BE2-9EDE-E8F93CE1A1EB}
	EndGlobalSection
EndGlobal
